// !$*UTF8*$!
{
	archiveVersion = 1;
	classes = {
	};
	objectVersion = 46;
	objects = {

/* Begin PBXBuildFile section */
		F0DED39B1ED1482000494EB4 /* AppDelegate.swift in Sources */ = {isa = PBXBuildFile; fileRef = F0DED39A1ED1482000494EB4 /* AppDelegate.swift */; };
		F0DED39D1ED1482000494EB4 /* ViewController.swift in Sources */ = {isa = PBXBuildFile; fileRef = F0DED39C1ED1482000494EB4 /* ViewController.swift */; };
		F0DED3A01ED1482000494EB4 /* Main.storyboard in Resources */ = {isa = PBXBuildFile; fileRef = F0DED39E1ED1482000494EB4 /* Main.storyboard */; };
		F0DED3A21ED1482000494EB4 /* Assets.xcassets in Resources */ = {isa = PBXBuildFile; fileRef = F0DED3A11ED1482000494EB4 /* Assets.xcassets */; };
		F0DED3A51ED1482000494EB4 /* LaunchScreen.storyboard in Resources */ = {isa = PBXBuildFile; fileRef = F0DED3A31ED1482000494EB4 /* LaunchScreen.storyboard */; };
		F0DED3AD1ED14D5800494EB4 /* pokemon.csv in Resources */ = {isa = PBXBuildFile; fileRef = F0DED3AC1ED14D5800494EB4 /* pokemon.csv */; };
/* End PBXBuildFile section */

/* Begin PBXFileReference section */
		F0DED3971ED1482000494EB4 /* pokedex.app */ = {isa = PBXFileReference; explicitFileType = wrapper.application; includeInIndex = 0; path = pokedex.app; sourceTree = BUILT_PRODUCTS_DIR; };
		F0DED39A1ED1482000494EB4 /* AppDelegate.swift */ = {isa = PBXFileReference; lastKnownFileType = sourcecode.swift; path = AppDelegate.swift; sourceTree = "<group>"; };
		F0DED39C1ED1482000494EB4 /* ViewController.swift */ = {isa = PBXFileReference; lastKnownFileType = sourcecode.swift; path = ViewController.swift; sourceTree = "<group>"; };
		F0DED39F1ED1482000494EB4 /* Base */ = {isa = PBXFileReference; lastKnownFileType = file.storyboard; name = Base; path = Base.lproj/Main.storyboard; sourceTree = "<group>"; };
		F0DED3A11ED1482000494EB4 /* Assets.xcassets */ = {isa = PBXFileReference; lastKnownFileType = folder.assetcatalog; path = Assets.xcassets; sourceTree = "<group>"; };
		F0DED3A41ED1482000494EB4 /* Base */ = {isa = PBXFileReference; lastKnownFileType = file.storyboard; name = Base; path = Base.lproj/LaunchScreen.storyboard; sourceTree = "<group>"; };
		F0DED3A61ED1482000494EB4 /* Info.plist */ = {isa = PBXFileReference; lastKnownFileType = text.plist.xml; path = Info.plist; sourceTree = "<group>"; };
		F0DED3AC1ED14D5800494EB4 /* pokemon.csv */ = {isa = PBXFileReference; fileEncoding = 4; lastKnownFileType = text; path = pokemon.csv; sourceTree = "<group>"; };
/* End PBXFileReference section */

/* Begin PBXFrameworksBuildPhase section */
		F0DED3941ED1482000494EB4 /* Frameworks */ = {
			isa = PBXFrameworksBuildPhase;
			buildActionMask = 2147483647;
			files = (
			);
			runOnlyForDeploymentPostprocessing = 0;
		};
/* End PBXFrameworksBuildPhase section */

/* Begin PBXGroup section */
		F0DED38E1ED1482000494EB4 = {
			isa = PBXGroup;
			children = (
				F0DED3991ED1482000494EB4 /* pokedex */,
				F0DED3981ED1482000494EB4 /* Products */,
			);
			sourceTree = "<group>";
		};
		F0DED3981ED1482000494EB4 /* Products */ = {
			isa = PBXGroup;
			children = (
				F0DED3971ED1482000494EB4 /* pokedex.app */,
			);
			name = Products;
			sourceTree = "<group>";
		};
		F0DED3991ED1482000494EB4 /* pokedex */ = {
			isa = PBXGroup;
			children = (
				F0DED39A1ED1482000494EB4 /* AppDelegate.swift */,
				F0DED39C1ED1482000494EB4 /* ViewController.swift */,
				F0DED39E1ED1482000494EB4 /* Main.storyboard */,
				F0DED3A11ED1482000494EB4 /* Assets.xcassets */,
				F0DED3AC1ED14D5800494EB4 /* pokemon.csv */,
				F0DED3A31ED1482000494EB4 /* LaunchScreen.storyboard */,
				F0DED3A61ED1482000494EB4 /* Info.plist */,
			);
			path = pokedex;
			sourceTree = "<group>";
		};
/* End PBXGroup section */

/* Begin PBXNativeTarget section */
		F0DED3961ED1482000494EB4 /* pokedex */ = {
			isa = PBXNativeTarget;
			buildConfigurationList = F0DED3A91ED1482000494EB4 /* Build configuration list for PBXNativeTarget "pokedex" */;
			buildPhases = (
				F0DED3931ED1482000494EB4 /* Sources */,
				F0DED3941ED1482000494EB4 /* Frameworks */,
				F0DED3951ED1482000494EB4 /* Resources */,
			);
			buildRules = (
			);
			dependencies = (
			);
			name = pokedex;
			productName = pokedex;
			productReference = F0DED3971ED1482000494EB4 /* pokedex.app */;
			productType = "com.apple.product-type.application";
		};
/* End PBXNativeTarget section */

/* Begin PBXProject section */
		F0DED38F1ED1482000494EB4 /* Project object */ = {
			isa = PBXProject;
			attributes = {
				LastSwiftUpdateCheck = 0830;
				LastUpgradeCheck = 0830;
				ORGANIZATIONNAME = "Bullfrog Development Studio";
				TargetAttributes = {
					F0DED3961ED1482000494EB4 = {
						CreatedOnToolsVersion = 8.3.1;
						DevelopmentTeam = LNHLG9FY3S;
						ProvisioningStyle = Automatic;
					};
				};
			};
			buildConfigurationList = F0DED3921ED1482000494EB4 /* Build configuration list for PBXProject "pokedex" */;
			compatibilityVersion = "Xcode 3.2";
			developmentRegion = English;
			hasScannedForEncodings = 0;
			knownRegions = (
				en,
				Base,
			);
			mainGroup = F0DED38E1ED1482000494EB4;
			productRefGroup = F0DED3981ED1482000494EB4 /* Products */;
			projectDirPath = "";
			projectRoot = "";
			targets = (
				F0DED3961ED1482000494EB4 /* pokedex */,
			);
		};
/* End PBXProject section */

/* Begin PBXResourcesBuildPhase section */
		F0DED3951ED1482000494EB4 /* Resources */ = {
			isa = PBXResourcesBuildPhase;
			buildActionMask = 2147483647;
			files = (
				F0DED3A51ED1482000494EB4 /* LaunchScreen.storyboard in Resources */,
				F0DED3A21ED1482000494EB4 /* Assets.xcassets in Resources */,
				F0DED3AD1ED14D5800494EB4 /* pokemon.csv in Resources */,
				F0DED3A01ED1482000494EB4 /* Main.storyboard in Resources */,
			);
			runOnlyForDeploymentPostprocessing = 0;
		};
/* End PBXResourcesBuildPhase section */

/* Begin PBXSourcesBuildPhase section */
		F0DED3931ED1482000494EB4 /* Sources */ = {
			isa = PBXSourcesBuildPhase;
			buildActionMask = 2147483647;
			files = (
				F0DED39D1ED1482000494EB4 /* ViewController.swift in Sources */,
				F0DED39B1ED1482000494EB4 /* AppDelegate.swift in Sources */,
			);
			runOnlyForDeploymentPostprocessing = 0;
		};
/* End PBXSourcesBuildPhase section */

/* Begin PBXVariantGroup section */
		F0DED39E1ED1482000494EB4 /* Main.storyboard */ = {
			isa = PBXVariantGroup;
			children = (
				F0DED39F1ED1482000494EB4 /* Base */,
			);
			name = Main.storyboard;
			sourceTree = "<group>";
		};
		F0DED3A31ED1482000494EB4 /* LaunchScreen.storyboard */ = {
			isa = PBXVariantGroup;
			children = (
				F0DED3A41ED1482000494EB4 /* Base */,
			);
			name = LaunchScreen.storyboard;
			sourceTree = "<group>";
		};
/* End PBXVariantGroup section */

/* Begin XCBuildConfiguration section */
		F0DED3A71ED1482000494EB4 /* Debug */ = {
			isa = XCBuildConfiguration;
			buildSettings = {
				ALWAYS_SEARCH_USER_PATHS = NO;
				CLANG_ANALYZER_NONNULL = YES;
				CLANG_ANALYZER_NUMBER_OBJECT_CONVERSION = YES_AGGRESSIVE;
				CLANG_CXX_LANGUAGE_STANDARD = "gnu++0x";
				CLANG_CXX_LIBRARY = "libc++";
				CLANG_ENABLE_MODULES = YES;
				CLANG_ENABLE_OBJC_ARC = YES;
				CLANG_WARN_BOOL_CONVERSION = YES;
				CLANG_WARN_CONSTANT_CONVERSION = YES;
				CLANG_WARN_DIRECT_OBJC_ISA_USAGE = YES_ERROR;
				CLANG_WARN_DOCUMENTATION_COMMENTS = YES;
				CLANG_WARN_EMPTY_BODY = YES;
				CLANG_WARN_ENUM_CONVERSION = YES;
				CLANG_WARN_INFINITE_RECURSION = YES;
				CLANG_WARN_INT_CONVERSION = YES;
				CLANG_WARN_OBJC_ROOT_CLASS = YES_ERROR;
				CLANG_WARN_SUSPICIOUS_MOVE = YES;
				CLANG_WARN_UNREACHABLE_CODE = YES;
				CLANG_WARN__DUPLICATE_METHOD_MATCH = YES;
				"CODE_SIGN_IDENTITY[sdk=iphoneos*]" = "iPhone Developer";
				COPY_PHASE_STRIP = NO;
				DEBUG_INFORMATION_FORMAT = dwarf;
				ENABLE_STRICT_OBJC_MSGSEND = YES;
				ENABLE_TESTABILITY = YES;
				GCC_C_LANGUAGE_STANDARD = gnu99;
				GCC_DYNAMIC_NO_PIC = NO;
				GCC_NO_COMMON_BLOCKS = YES;
				GCC_OPTIMIZATION_LEVEL = 0;
				GCC_PREPROCESSOR_DEFINITIONS = (
					"DEBUG=1",
					"$(inherited)",
				);
				GCC_WARN_64_TO_32_BIT_CONVERSION = YES;
				GCC_WARN_ABOUT_RETURN_TYPE = YES_ERROR;
				GCC_WARN_UNDECLARED_SELECTOR = YES;
				GCC_WARN_UNINITIALIZED_AUTOS = YES_AGGRESSIVE;
				GCC_WARN_UNUSED_FUNCTION = YES;
				GCC_WARN_UNUSED_VARIABLE = YES;
				IPHONEOS_DEPLOYMENT_TARGET = 10.3;
				MTL_ENABLE_DEBUG_INFO = YES;
				ONLY_ACTIVE_ARCH = YES;
				SDKROOT = iphoneos;
				SWIFT_ACTIVE_COMPILATION_CONDITIONS = DEBUG;
				SWIFT_OPTIMIZATION_LEVEL = "-Onone";
				TARGETED_DEVICE_FAMILY = "1,2";
			};
			name = Debug;
		};
		F0DED3A81ED1482000494EB4 /* Release */ = {
			isa = XCBuildConfiguration;
			buildSettings = {
				ALWAYS_SEARCH_USER_PATHS = NO;
				CLANG_ANALYZER_NONNULL = YES;
				CLANG_ANALYZER_NUMBER_OBJECT_CONVERSION = YES_AGGRESSIVE;
				CLANG_CXX_LANGUAGE_STANDARD = "gnu++0x";
				CLANG_CXX_LIBRARY = "libc++";
				CLANG_ENABLE_MODULES = YES;
				CLANG_ENABLE_OBJC_ARC = YES;
				CLANG_WARN_BOOL_CONVERSION = YES;
				CLANG_WARN_CONSTANT_CONVERSION = YES;
				CLANG_WARN_DIRECT_OBJC_ISA_USAGE = YES_ERROR;
				CLANG_WARN_DOCUMENTATION_COMMENTS = YES;
				CLANG_WARN_EMPTY_BODY = YES;
				CLANG_WARN_ENUM_CONVERSION = YES;
				CLANG_WARN_INFINITE_RECURSION = YES;
				CLANG_WARN_INT_CONVERSION = YES;
				CLANG_WARN_OBJC_ROOT_CLASS = YES_ERROR;
				CLANG_WARN_SUSPICIOUS_MOVE = YES;
				CLANG_WARN_UNREACHABLE_CODE = YES;
				CLANG_WARN__DUPLICATE_METHOD_MATCH = YES;
				"CODE_SIGN_IDENTITY[sdk=iphoneos*]" = "iPhone Developer";
				COPY_PHASE_STRIP = NO;
				DEBUG_INFORMATION_FORMAT = "dwarf-with-dsym";
				ENABLE_NS_ASSERTIONS = NO;
				ENABLE_STRICT_OBJC_MSGSEND = YES;
				GCC_C_LANGUAGE_STANDARD = gnu99;
				GCC_NO_COMMON_BLOCKS = YES;
				GCC_WARN_64_TO_32_BIT_CONVERSION = YES;
				GCC_WARN_ABOUT_RETURN_TYPE = YES_ERROR;
				GCC_WARN_UNDECLARED_SELECTOR = YES;
				GCC_WARN_UNINITIALIZED_AUTOS = YES_AGGRESSIVE;
				GCC_WARN_UNUSED_FUNCTION = YES;
				GCC_WARN_UNUSED_VARIABLE = YES;
				IPHONEOS_DEPLOYMENT_TARGET = 10.3;
				MTL_ENABLE_DEBUG_INFO = NO;
				SDKROOT = iphoneos;
				SWIFT_OPTIMIZATION_LEVEL = "-Owholemodule";
				TARGETED_DEVICE_FAMILY = "1,2";
				VALIDATE_PRODUCT = YES;
			};
			name = Release;
		};
		F0DED3AA1ED1482000494EB4 /* Debug */ = {
			isa = XCBuildConfiguration;
			buildSettings = {
				ASSETCATALOG_COMPILER_APPICON_NAME = AppIcon;
				DEVELOPMENT_TEAM = LNHLG9FY3S;
				INFOPLIST_FILE = pokedex/Info.plist;
				LD_RUNPATH_SEARCH_PATHS = "$(inherited) @executable_path/Frameworks";
				PRODUCT_BUNDLE_IDENTIFIER = com.bullfrogdevstudio.pokedex.pokedex;
				PRODUCT_NAME = "$(TARGET_NAME)";
				SWIFT_VERSION = 3.0;
			};
			name = Debug;
		};
		F0DED3AB1ED1482000494EB4 /* Release */ = {
			isa = XCBuildConfiguration;
			buildSettings = {
				ASSETCATALOG_COMPILER_APPICON_NAME = AppIcon;
				DEVELOPMENT_TEAM = LNHLG9FY3S;
				INFOPLIST_FILE = pokedex/Info.plist;
				LD_RUNPATH_SEARCH_PATHS = "$(inherited) @executable_path/Frameworks";
				PRODUCT_BUNDLE_IDENTIFIER = com.bullfrogdevstudio.pokedex.pokedex;
				PRODUCT_NAME = "$(TARGET_NAME)";
				SWIFT_VERSION = 3.0;
			};
			name = Release;
		};
/* End XCBuildConfiguration section */

/* Begin XCConfigurationList section */
		F0DED3921ED1482000494EB4 /* Build configuration list for PBXProject "pokedex" */ = {
			isa = XCConfigurationList;
			buildConfigurations = (
				F0DED3A71ED1482000494EB4 /* Debug */,
				F0DED3A81ED1482000494EB4 /* Release */,
			);
			defaultConfigurationIsVisible = 0;
			defaultConfigurationName = Release;
		};
		F0DED3A91ED1482000494EB4 /* Build configuration list for PBXNativeTarget "pokedex" */ = {
			isa = XCConfigurationList;
			buildConfigurations = (
				F0DED3AA1ED1482000494EB4 /* Debug */,
				F0DED3AB1ED1482000494EB4 /* Release */,
			);
			defaultConfigurationIsVisible = 0;
		};
/* End XCConfigurationList section */
	};
	rootObject = F0DED38F1ED1482000494EB4 /* Project object */;
}
